
Microsoft Visual Studio Solution File, Format Version 12.00
# Visual Studio Version 17
VisualStudioVersion = 17.2.32516.85
MinimumVisualStudioVersion = 10.0.40219.1
Project("{FAE04EC0-301F-11D3-BF4B-00C04F79EFBC}") = "text-detector-wpf", "text-detector-wpf\text-detector-wpf.csproj", "{44AD26BA-9E12-48AD-A00B-EBB62BC8450A}"
EndProject
Global
	GlobalSection(SolutionConfigurationPlatforms) = preSolution
		Debug|Any CPU = Debug|Any CPU
		Release|Any CPU = Release|Any CPU
	EndGlobalSection
	GlobalSection(ProjectConfigurationPlatforms) = postSolution
		{44AD26BA-9E12-48AD-A00B-EBB62BC8450A}.Debug|Any CPU.ActiveCfg = Debug|Any CPU
		{44AD26BA-9E12-48AD-A00B-EBB62BC8450A}.Debug|Any CPU.Build.0 = Debug|Any CPU
		{44AD26BA-9E12-48AD-A00B-EBB62BC8450A}.Release|Any CPU.ActiveCfg = Release|Any CPU
		{44AD26BA-9E12-48AD-A00B-EBB62BC8450A}.Release|Any CPU.Build.0 = Release|Any CPU
	EndGlobalSection
	GlobalSection(SolutionProperties) = preSolution
		HideSolutionNode = FALSE
	EndGlobalSection
	GlobalSection(ExtensibilityGlobals) = postSolution
		SolutionGuid = {9D372E3B-FEBB-4F68-B17B-B410B4005E56}
	EndGlobalSection
EndGlobal
